
Microsoft Visual Studio Solution File, Format Version 12.00
# Visual Studio Version 17
VisualStudioVersion = 17.1.32210.238
MinimumVisualStudioVersion = 10.0.40219.1
Project("{9A19103F-16F7-4668-BE54-9A1E7A4F7556}") = "Korga.Server", "server\src\Korga.Server\Korga.Server.csproj", "{E1C5CDEB-C3D5-4BE1-B823-5FD650AB1D08}"
EndProject
Project("{2150E333-8FDC-42A3-9474-1A3956D46DE8}") = "server-src", "server-src", "{565B1C55-E3A4-4B7E-9F8E-EF14AA917618}"
EndProject
Project("{2150E333-8FDC-42A3-9474-1A3956D46DE8}") = "_", "_", "{28945597-DB66-4C1C-A2DB-C5ACB5ED4DD4}"
	ProjectSection(SolutionItems) = preProject
		Dockerfile = Dockerfile
		README.md = README.md
	EndProjectSection
EndProject
Project("{2150E333-8FDC-42A3-9474-1A3956D46DE8}") = "server-tests", "server-tests", "{86DB2784-54F6-43CC-8F86-94E059B7DE59}"
EndProject
Project("{9A19103F-16F7-4668-BE54-9A1E7A4F7556}") = "Korga.Server.Tests", "server\tests\Korga.Server.Tests\Korga.Server.Tests.csproj", "{2A484A88-F6BD-4B36-92C8-0675ADDD8CDB}"
EndProject
Project("{2150E333-8FDC-42A3-9474-1A3956D46DE8}") = "docs", "docs", "{2ED6D7FB-8B8A-4139-98C3-854E00A38490}"
	ProjectSection(SolutionItems) = preProject
		docs\docker-compose.yml = docs\docker-compose.yml
	EndProjectSection
EndProject
Project("{FAE04EC0-301F-11D3-BF4B-00C04F79EFBC}") = "Korga.Core", "server\src\Korga.Core\Korga.Core.csproj", "{D1CEB029-9AFB-4464-BF93-DBA6216B4128}"
EndProject
Global
	GlobalSection(SolutionConfigurationPlatforms) = preSolution
		Debug|Any CPU = Debug|Any CPU
		Release|Any CPU = Release|Any CPU
	EndGlobalSection
	GlobalSection(ProjectConfigurationPlatforms) = postSolution
		{E1C5CDEB-C3D5-4BE1-B823-5FD650AB1D08}.Debug|Any CPU.ActiveCfg = Debug|Any CPU
		{E1C5CDEB-C3D5-4BE1-B823-5FD650AB1D08}.Debug|Any CPU.Build.0 = Debug|Any CPU
		{E1C5CDEB-C3D5-4BE1-B823-5FD650AB1D08}.Release|Any CPU.ActiveCfg = Release|Any CPU
		{E1C5CDEB-C3D5-4BE1-B823-5FD650AB1D08}.Release|Any CPU.Build.0 = Release|Any CPU
		{2A484A88-F6BD-4B36-92C8-0675ADDD8CDB}.Debug|Any CPU.ActiveCfg = Debug|Any CPU
		{2A484A88-F6BD-4B36-92C8-0675ADDD8CDB}.Debug|Any CPU.Build.0 = Debug|Any CPU
		{2A484A88-F6BD-4B36-92C8-0675ADDD8CDB}.Release|Any CPU.ActiveCfg = Release|Any CPU
		{2A484A88-F6BD-4B36-92C8-0675ADDD8CDB}.Release|Any CPU.Build.0 = Release|Any CPU
		{D1CEB029-9AFB-4464-BF93-DBA6216B4128}.Debug|Any CPU.ActiveCfg = Debug|Any CPU
		{D1CEB029-9AFB-4464-BF93-DBA6216B4128}.Debug|Any CPU.Build.0 = Debug|Any CPU
		{D1CEB029-9AFB-4464-BF93-DBA6216B4128}.Release|Any CPU.ActiveCfg = Release|Any CPU
		{D1CEB029-9AFB-4464-BF93-DBA6216B4128}.Release|Any CPU.Build.0 = Release|Any CPU
	EndGlobalSection
	GlobalSection(SolutionProperties) = preSolution
		HideSolutionNode = FALSE
	EndGlobalSection
	GlobalSection(NestedProjects) = preSolution
		{E1C5CDEB-C3D5-4BE1-B823-5FD650AB1D08} = {565B1C55-E3A4-4B7E-9F8E-EF14AA917618}
		{2A484A88-F6BD-4B36-92C8-0675ADDD8CDB} = {86DB2784-54F6-43CC-8F86-94E059B7DE59}
		{D1CEB029-9AFB-4464-BF93-DBA6216B4128} = {565B1C55-E3A4-4B7E-9F8E-EF14AA917618}
	EndGlobalSection
	GlobalSection(ExtensibilityGlobals) = postSolution
		SolutionGuid = {638049AA-35BE-4FFE-8370-373448555D24}
	EndGlobalSection
EndGlobal
